# THIS IS AN AUTOGENERATED FILE. DO NOT EDIT THIS FILE DIRECTLY.
# yarn lockfile v1


"@polywrap/templates@0.11.3":
  version "0.11.3"
  resolved "https://registry.yarnpkg.com/@polywrap/templates/-/templates-0.11.3.tgz#5e18eb0752c1fa4bdc41feaa65090bb2e29e1bfd"
  integrity sha512-odhVulF+du3nXlHt+FJ4iAVNy2taM/EWpUbti17fEExtZ9tAFclrDK1EHJJEpdKa/jCXq7xShLTOFx+xfS2Fuw==
